
Microsoft Visual Studio Solution File, Format Version 12.00
# Visual Studio Version 16
VisualStudioVersion = 16.0.31112.23
MinimumVisualStudioVersion = 10.0.40219.1
Project("{FAE04EC0-301F-11D3-BF4B-00C04F79EFBC}") = "RockPaperScissorsGame", "RockPaperScissorsGame\RockPaperScissorsGame.csproj", "{FB5AD555-265A-43E4-9C4C-3219A12E857E}"
EndProject
Project("{FAE04EC0-301F-11D3-BF4B-00C04F79EFBC}") = "MessageProtocol", "MessageProtocol\MessageProtocol.csproj", "{11ACE91A-CBD5-4AE1-9D91-ADDDDE26B81F}"
EndProject
Project("{FAE04EC0-301F-11D3-BF4B-00C04F79EFBC}") = "PlayerGame", "PlayerGame\PlayerGame.csproj", "{276B5988-72D6-4770-A900-3EB700B5FD0A}"
EndProject
Global
	GlobalSection(SolutionConfigurationPlatforms) = preSolution
		Debug|Any CPU = Debug|Any CPU
		Release|Any CPU = Release|Any CPU
	EndGlobalSection
	GlobalSection(ProjectConfigurationPlatforms) = postSolution
		{FB5AD555-265A-43E4-9C4C-3219A12E857E}.Debug|Any CPU.ActiveCfg = Debug|Any CPU
		{FB5AD555-265A-43E4-9C4C-3219A12E857E}.Debug|Any CPU.Build.0 = Debug|Any CPU
		{FB5AD555-265A-43E4-9C4C-3219A12E857E}.Release|Any CPU.ActiveCfg = Release|Any CPU
		{FB5AD555-265A-43E4-9C4C-3219A12E857E}.Release|Any CPU.Build.0 = Release|Any CPU
		{11ACE91A-CBD5-4AE1-9D91-ADDDDE26B81F}.Debug|Any CPU.ActiveCfg = Debug|Any CPU
		{11ACE91A-CBD5-4AE1-9D91-ADDDDE26B81F}.Debug|Any CPU.Build.0 = Debug|Any CPU
		{11ACE91A-CBD5-4AE1-9D91-ADDDDE26B81F}.Release|Any CPU.ActiveCfg = Release|Any CPU
		{11ACE91A-CBD5-4AE1-9D91-ADDDDE26B81F}.Release|Any CPU.Build.0 = Release|Any CPU
		{276B5988-72D6-4770-A900-3EB700B5FD0A}.Debug|Any CPU.ActiveCfg = Debug|Any CPU
		{276B5988-72D6-4770-A900-3EB700B5FD0A}.Debug|Any CPU.Build.0 = Debug|Any CPU
		{276B5988-72D6-4770-A900-3EB700B5FD0A}.Release|Any CPU.ActiveCfg = Release|Any CPU
		{276B5988-72D6-4770-A900-3EB700B5FD0A}.Release|Any CPU.Build.0 = Release|Any CPU
	EndGlobalSection
	GlobalSection(SolutionProperties) = preSolution
		HideSolutionNode = FALSE
	EndGlobalSection
	GlobalSection(ExtensibilityGlobals) = postSolution
		SolutionGuid = {D5029F24-21C5-48C2-BC3A-7AEC9FE37181}
	EndGlobalSection
EndGlobal
